{
  "name": "@itsteddyyo/strategy-pack",
  "version": "0.0.3",
  "lockfileVersion": 3,
  "requires": true,
  "packages": {
    "": {
      "name": "@itsteddyyo/strategy-pack",
      "version": "0.0.3",
      "license": "MIT",
      "dependencies": {
        "lodash": "^4.17.21"
      },
      "devDependencies": {
        "@modyfi/vite-plugin-yaml": "^1.1.0",
        "@types/lodash": "^4.17.7",
        "custom-card-helpers": "^1.9.0",
        "home-assistant-js-websocket": "^9.4.0",
        "liquidjs": "^10.16.7",
        "typedoc": "^0.26.6",
        "typescript": "^5.5.4",
        "vite": "^5.4.2"
      }
    },
    "node_modules/@esbuild/aix-ppc64": {
      "version": "0.21.5",
      "resolved": "https://registry.npmjs.org/@esbuild/aix-ppc64/-/aix-ppc64-0.21.5.tgz",
      "integrity": "sha512-1SDgH6ZSPTlggy1yI6+Dbkiz8xzpHJEVAlF/AM1tHPLsf5STom9rwtjE4hKAF20FfXXNTFqEYXyJNWh1GiZedQ==",
      "cpu": [
        "ppc64"
      ],
      "dev": true,
      "license": "MIT",
      "optional": true,
      "os": [
        "aix"
      ],
      "engines": {
        "node": ">=12"
      }
    },
    "node_modules/@esbuild/android-arm": {
      "version": "0.21.5",
      "resolved": "https://registry.npmjs.org/@esbuild/android-arm/-/android-arm-0.21.5.tgz",
      "integrity": "sha512-vCPvzSjpPHEi1siZdlvAlsPxXl7WbOVUBBAowWug4rJHb68Ox8KualB+1ocNvT5fjv6wpkX6o/iEpbDrf68zcg==",
      "cpu": [
        "arm"
      ],
      "dev": true,
      "license": "MIT",
      "optional": true,
      "os": [
        "android"
      ],
      "engines": {
        "node": ">=12"
      }
    },
    "node_modules/@esbuild/android-arm64": {
      "version": "0.21.5",
      "resolved": "https://registry.npmjs.org/@esbuild/android-arm64/-/android-arm64-0.21.5.tgz",
      "integrity": "sha512-c0uX9VAUBQ7dTDCjq+wdyGLowMdtR/GoC2U5IYk/7D1H1JYC0qseD7+11iMP2mRLN9RcCMRcjC4YMclCzGwS/A==",
      "cpu": [
        "arm64"
      ],
      "dev": true,
      "license": "MIT",
      "optional": true,
      "os": [
        "android"
      ],
      "engines": {
        "node": ">=12"
      }
    },
    "node_modules/@esbuild/android-x64": {
      "version": "0.21.5",
      "resolved": "https://registry.npmjs.org/@esbuild/android-x64/-/android-x64-0.21.5.tgz",
      "integrity": "sha512-D7aPRUUNHRBwHxzxRvp856rjUHRFW1SdQATKXH2hqA0kAZb1hKmi02OpYRacl0TxIGz/ZmXWlbZgjwWYaCakTA==",
      "cpu": [
        "x64"
      ],
      "dev": true,
      "license": "MIT",
      "optional": true,
      "os": [
        "android"
      ],
      "engines": {
        "node": ">=12"
      }
    },
    "node_modules/@esbuild/darwin-arm64": {
      "version": "0.21.5",
      "resolved": "https://registry.npmjs.org/@esbuild/darwin-arm64/-/darwin-arm64-0.21.5.tgz",
      "integrity": "sha512-DwqXqZyuk5AiWWf3UfLiRDJ5EDd49zg6O9wclZ7kUMv2WRFr4HKjXp/5t8JZ11QbQfUS6/cRCKGwYhtNAY88kQ==",
      "cpu": [
        "arm64"
      ],
      "dev": true,
      "license": "MIT",
      "optional": true,
      "os": [
        "darwin"
      ],
      "engines": {
        "node": ">=12"
      }
    },
    "node_modules/@esbuild/darwin-x64": {
      "version": "0.21.5",
      "resolved": "https://registry.npmjs.org/@esbuild/darwin-x64/-/darwin-x64-0.21.5.tgz",
      "integrity": "sha512-se/JjF8NlmKVG4kNIuyWMV/22ZaerB+qaSi5MdrXtd6R08kvs2qCN4C09miupktDitvh8jRFflwGFBQcxZRjbw==",
      "cpu": [
        "x64"
      ],
      "dev": true,
      "license": "MIT",
      "optional": true,
      "os": [
        "darwin"
      ],
      "engines": {
        "node": ">=12"
      }
    },
    "node_modules/@esbuild/freebsd-arm64": {
      "version": "0.21.5",
      "resolved": "https://registry.npmjs.org/@esbuild/freebsd-arm64/-/freebsd-arm64-0.21.5.tgz",
      "integrity": "sha512-5JcRxxRDUJLX8JXp/wcBCy3pENnCgBR9bN6JsY4OmhfUtIHe3ZW0mawA7+RDAcMLrMIZaf03NlQiX9DGyB8h4g==",
      "cpu": [
        "arm64"
      ],
      "dev": true,
      "license": "MIT",
      "optional": true,
      "os": [
        "freebsd"
      ],
      "engines": {
        "node": ">=12"
      }
    },
    "node_modules/@esbuild/freebsd-x64": {
      "version": "0.21.5",
      "resolved": "https://registry.npmjs.org/@esbuild/freebsd-x64/-/freebsd-x64-0.21.5.tgz",
      "integrity": "sha512-J95kNBj1zkbMXtHVH29bBriQygMXqoVQOQYA+ISs0/2l3T9/kj42ow2mpqerRBxDJnmkUDCaQT/dfNXWX/ZZCQ==",
      "cpu": [
        "x64"
      ],
      "dev": true,
      "license": "MIT",
      "optional": true,
      "os": [
        "freebsd"
      ],
      "engines": {
        "node": ">=12"
      }
    },
    "node_modules/@esbuild/linux-arm": {
      "version": "0.21.5",
      "resolved": "https://registry.npmjs.org/@esbuild/linux-arm/-/linux-arm-0.21.5.tgz",
      "integrity": "sha512-bPb5AHZtbeNGjCKVZ9UGqGwo8EUu4cLq68E95A53KlxAPRmUyYv2D6F0uUI65XisGOL1hBP5mTronbgo+0bFcA==",
      "cpu": [
        "arm"
      ],
      "dev": true,
      "license": "MIT",
      "optional": true,
      "os": [
        "linux"
      ],
      "engines": {
        "node": ">=12"
      }
    },
    "node_modules/@esbuild/linux-arm64": {
      "version": "0.21.5",
      "resolved": "https://registry.npmjs.org/@esbuild/linux-arm64/-/linux-arm64-0.21.5.tgz",
      "integrity": "sha512-ibKvmyYzKsBeX8d8I7MH/TMfWDXBF3db4qM6sy+7re0YXya+K1cem3on9XgdT2EQGMu4hQyZhan7TeQ8XkGp4Q==",
      "cpu": [
        "arm64"
      ],
      "dev": true,
      "license": "MIT",
      "optional": true,
      "os": [
        "linux"
      ],
      "engines": {
        "node": ">=12"
      }
    },
    "node_modules/@esbuild/linux-ia32": {
      "version": "0.21.5",
      "resolved": "https://registry.npmjs.org/@esbuild/linux-ia32/-/linux-ia32-0.21.5.tgz",
      "integrity": "sha512-YvjXDqLRqPDl2dvRODYmmhz4rPeVKYvppfGYKSNGdyZkA01046pLWyRKKI3ax8fbJoK5QbxblURkwK/MWY18Tg==",
      "cpu": [
        "ia32"
      ],
      "dev": true,
      "license": "MIT",
      "optional": true,
      "os": [
        "linux"
      ],
      "engines": {
        "node": ">=12"
      }
    },
    "node_modules/@esbuild/linux-loong64": {
      "version": "0.21.5",
      "resolved": "https://registry.npmjs.org/@esbuild/linux-loong64/-/linux-loong64-0.21.5.tgz",
      "integrity": "sha512-uHf1BmMG8qEvzdrzAqg2SIG/02+4/DHB6a9Kbya0XDvwDEKCoC8ZRWI5JJvNdUjtciBGFQ5PuBlpEOXQj+JQSg==",
      "cpu": [
        "loong64"
      ],
      "dev": true,
      "license": "MIT",
      "optional": true,
      "os": [
        "linux"
      ],
      "engines": {
        "node": ">=12"
      }
    },
    "node_modules/@esbuild/linux-mips64el": {
      "version": "0.21.5",
      "resolved": "https://registry.npmjs.org/@esbuild/linux-mips64el/-/linux-mips64el-0.21.5.tgz",
      "integrity": "sha512-IajOmO+KJK23bj52dFSNCMsz1QP1DqM6cwLUv3W1QwyxkyIWecfafnI555fvSGqEKwjMXVLokcV5ygHW5b3Jbg==",
      "cpu": [
        "mips64el"
      ],
      "dev": true,
      "license": "MIT",
      "optional": true,
      "os": [
        "linux"
      ],
      "engines": {
        "node": ">=12"
      }
    },
    "node_modules/@esbuild/linux-ppc64": {
      "version": "0.21.5",
      "resolved": "https://registry.npmjs.org/@esbuild/linux-ppc64/-/linux-ppc64-0.21.5.tgz",
      "integrity": "sha512-1hHV/Z4OEfMwpLO8rp7CvlhBDnjsC3CttJXIhBi+5Aj5r+MBvy4egg7wCbe//hSsT+RvDAG7s81tAvpL2XAE4w==",
      "cpu": [
        "ppc64"
      ],
      "dev": true,
      "license": "MIT",
      "optional": true,
      "os": [
        "linux"
      ],
      "engines": {
        "node": ">=12"
      }
    },
    "node_modules/@esbuild/linux-riscv64": {
      "version": "0.21.5",
      "resolved": "https://registry.npmjs.org/@esbuild/linux-riscv64/-/linux-riscv64-0.21.5.tgz",
      "integrity": "sha512-2HdXDMd9GMgTGrPWnJzP2ALSokE/0O5HhTUvWIbD3YdjME8JwvSCnNGBnTThKGEB91OZhzrJ4qIIxk/SBmyDDA==",
      "cpu": [
        "riscv64"
      ],
      "dev": true,
      "license": "MIT",
      "optional": true,
      "os": [
        "linux"
      ],
      "engines": {
        "node": ">=12"
      }
    },
    "node_modules/@esbuild/linux-s390x": {
      "version": "0.21.5",
      "resolved": "https://registry.npmjs.org/@esbuild/linux-s390x/-/linux-s390x-0.21.5.tgz",
      "integrity": "sha512-zus5sxzqBJD3eXxwvjN1yQkRepANgxE9lgOW2qLnmr8ikMTphkjgXu1HR01K4FJg8h1kEEDAqDcZQtbrRnB41A==",
      "cpu": [
        "s390x"
      ],
      "dev": true,
      "license": "MIT",
      "optional": true,
      "os": [
        "linux"
      ],
      "engines": {
        "node": ">=12"
      }
    },
    "node_modules/@esbuild/linux-x64": {
      "version": "0.21.5",
      "resolved": "https://registry.npmjs.org/@esbuild/linux-x64/-/linux-x64-0.21.5.tgz",
      "integrity": "sha512-1rYdTpyv03iycF1+BhzrzQJCdOuAOtaqHTWJZCWvijKD2N5Xu0TtVC8/+1faWqcP9iBCWOmjmhoH94dH82BxPQ==",
      "cpu": [
        "x64"
      ],
      "dev": true,
      "license": "MIT",
      "optional": true,
      "os": [
        "linux"
      ],
      "engines": {
        "node": ">=12"
      }
    },
    "node_modules/@esbuild/netbsd-x64": {
      "version": "0.21.5",
      "resolved": "https://registry.npmjs.org/@esbuild/netbsd-x64/-/netbsd-x64-0.21.5.tgz",
      "integrity": "sha512-Woi2MXzXjMULccIwMnLciyZH4nCIMpWQAs049KEeMvOcNADVxo0UBIQPfSmxB3CWKedngg7sWZdLvLczpe0tLg==",
      "cpu": [
        "x64"
      ],
      "dev": true,
      "license": "MIT",
      "optional": true,
      "os": [
        "netbsd"
      ],
      "engines": {
        "node": ">=12"
      }
    },
    "node_modules/@esbuild/openbsd-x64": {
      "version": "0.21.5",
      "resolved": "https://registry.npmjs.org/@esbuild/openbsd-x64/-/openbsd-x64-0.21.5.tgz",
      "integrity": "sha512-HLNNw99xsvx12lFBUwoT8EVCsSvRNDVxNpjZ7bPn947b8gJPzeHWyNVhFsaerc0n3TsbOINvRP2byTZ5LKezow==",
      "cpu": [
        "x64"
      ],
      "dev": true,
      "license": "MIT",
      "optional": true,
      "os": [
        "openbsd"
      ],
      "engines": {
        "node": ">=12"
      }
    },
    "node_modules/@esbuild/sunos-x64": {
      "version": "0.21.5",
      "resolved": "https://registry.npmjs.org/@esbuild/sunos-x64/-/sunos-x64-0.21.5.tgz",
      "integrity": "sha512-6+gjmFpfy0BHU5Tpptkuh8+uw3mnrvgs+dSPQXQOv3ekbordwnzTVEb4qnIvQcYXq6gzkyTnoZ9dZG+D4garKg==",
      "cpu": [
        "x64"
      ],
      "dev": true,
      "license": "MIT",
      "optional": true,
      "os": [
        "sunos"
      ],
      "engines": {
        "node": ">=12"
      }
    },
    "node_modules/@esbuild/win32-arm64": {
      "version": "0.21.5",
      "resolved": "https://registry.npmjs.org/@esbuild/win32-arm64/-/win32-arm64-0.21.5.tgz",
      "integrity": "sha512-Z0gOTd75VvXqyq7nsl93zwahcTROgqvuAcYDUr+vOv8uHhNSKROyU961kgtCD1e95IqPKSQKH7tBTslnS3tA8A==",
      "cpu": [
        "arm64"
      ],
      "dev": true,
      "license": "MIT",
      "optional": true,
      "os": [
        "win32"
      ],
      "engines": {
        "node": ">=12"
      }
    },
    "node_modules/@esbuild/win32-ia32": {
      "version": "0.21.5",
      "resolved": "https://registry.npmjs.org/@esbuild/win32-ia32/-/win32-ia32-0.21.5.tgz",
      "integrity": "sha512-SWXFF1CL2RVNMaVs+BBClwtfZSvDgtL//G/smwAc5oVK/UPu2Gu9tIaRgFmYFFKrmg3SyAjSrElf0TiJ1v8fYA==",
      "cpu": [
        "ia32"
      ],
      "dev": true,
      "license": "MIT",
      "optional": true,
      "os": [
        "win32"
      ],
      "engines": {
        "node": ">=12"
      }
    },
    "node_modules/@esbuild/win32-x64": {
      "version": "0.21.5",
      "resolved": "https://registry.npmjs.org/@esbuild/win32-x64/-/win32-x64-0.21.5.tgz",
      "integrity": "sha512-tQd/1efJuzPC6rCFwEvLtci/xNFcTZknmXs98FYDfGE4wP9ClFV98nyKrzJKVPMhdDnjzLhdUyMX4PsQAPjwIw==",
      "cpu": [
        "x64"
      ],
      "dev": true,
      "license": "MIT",
      "optional": true,
      "os": [
        "win32"
      ],
      "engines": {
        "node": ">=12"
      }
    },
    "node_modules/@formatjs/ecma402-abstract": {
      "version": "1.11.4",
      "resolved": "https://registry.npmjs.org/@formatjs/ecma402-abstract/-/ecma402-abstract-1.11.4.tgz",
      "integrity": "sha512-EBikYFp2JCdIfGEb5G9dyCkTGDmC57KSHhRQOC3aYxoPWVZvfWCDjZwkGYHN7Lis/fmuWl906bnNTJifDQ3sXw==",
      "dev": true,
      "license": "MIT",
      "dependencies": {
        "@formatjs/intl-localematcher": "0.2.25",
        "tslib": "^2.1.0"
      }
    },
    "node_modules/@formatjs/fast-memoize": {
      "version": "1.2.1",
      "resolved": "https://registry.npmjs.org/@formatjs/fast-memoize/-/fast-memoize-1.2.1.tgz",
      "integrity": "sha512-Rg0e76nomkz3vF9IPlKeV+Qynok0r7YZjL6syLz4/urSg0IbjPZCB/iYUMNsYA643gh4mgrX3T7KEIFIxJBQeg==",
      "dev": true,
      "license": "MIT",
      "dependencies": {
        "tslib": "^2.1.0"
      }
    },
    "node_modules/@formatjs/icu-messageformat-parser": {
      "version": "2.1.0",
      "resolved": "https://registry.npmjs.org/@formatjs/icu-messageformat-parser/-/icu-messageformat-parser-2.1.0.tgz",
      "integrity": "sha512-Qxv/lmCN6hKpBSss2uQ8IROVnta2r9jd3ymUEIjm2UyIkUCHVcbUVRGL/KS/wv7876edvsPe+hjHVJ4z8YuVaw==",
      "dev": true,
      "license": "MIT",
      "dependencies": {
        "@formatjs/ecma402-abstract": "1.11.4",
        "@formatjs/icu-skeleton-parser": "1.3.6",
        "tslib": "^2.1.0"
      }
    },
    "node_modules/@formatjs/icu-skeleton-parser": {
      "version": "1.3.6",
      "resolved": "https://registry.npmjs.org/@formatjs/icu-skeleton-parser/-/icu-skeleton-parser-1.3.6.tgz",
      "integrity": "sha512-I96mOxvml/YLrwU2Txnd4klA7V8fRhb6JG/4hm3VMNmeJo1F03IpV2L3wWt7EweqNLES59SZ4d6hVOPCSf80Bg==",
      "dev": true,
      "license": "MIT",
      "dependencies": {
        "@formatjs/ecma402-abstract": "1.11.4",
        "tslib": "^2.1.0"
      }
    },
    "node_modules/@formatjs/intl-localematcher": {
      "version": "0.2.25",
      "resolved": "https://registry.npmjs.org/@formatjs/intl-localematcher/-/intl-localematcher-0.2.25.tgz",
      "integrity": "sha512-YmLcX70BxoSopLFdLr1Ds99NdlTI2oWoLbaUW2M406lxOIPzE1KQhRz2fPUkq34xVZQaihCoU29h0KK7An3bhA==",
      "dev": true,
      "license": "MIT",
      "dependencies": {
        "tslib": "^2.1.0"
      }
    },
    "node_modules/@formatjs/intl-utils": {
      "version": "3.8.4",
      "resolved": "https://registry.npmjs.org/@formatjs/intl-utils/-/intl-utils-3.8.4.tgz",
      "integrity": "sha512-j5C6NyfKevIxsfLK8KwO1C0vvP7k1+h4A9cFpc+cr6mEwCc1sPkr17dzh0Ke6k9U5pQccAQoXdcNBl3IYa4+ZQ==",
      "deprecated": "the package is rather renamed to @formatjs/ecma-abstract with some changes in functionality (primarily selectUnit is removed and we don't plan to make any further changes to this package",
      "dev": true,
      "license": "MIT",
      "dependencies": {
        "emojis-list": "^3.0.0"
      }
    },
    "node_modules/@lit-labs/ssr-dom-shim": {
      "version": "1.2.1",
      "resolved": "https://registry.npmjs.org/@lit-labs/ssr-dom-shim/-/ssr-dom-shim-1.2.1.tgz",
      "integrity": "sha512-wx4aBmgeGvFmOKucFKY+8VFJSYZxs9poN3SDNQFF6lT6NrQUnHiPB2PWz2sc4ieEcAaYYzN+1uWahEeTq2aRIQ==",
      "dev": true,
      "license": "BSD-3-Clause"
    },
    "node_modules/@lit/reactive-element": {
      "version": "1.6.3",
      "resolved": "https://registry.npmjs.org/@lit/reactive-element/-/reactive-element-1.6.3.tgz",
      "integrity": "sha512-QuTgnG52Poic7uM1AN5yJ09QMe0O28e10XzSvWDz02TJiiKee4stsiownEIadWm8nYzyDAyT+gKzUoZmiWQtsQ==",
      "dev": true,
      "license": "BSD-3-Clause",
      "dependencies": {
        "@lit-labs/ssr-dom-shim": "^1.0.0"
      }
    },
    "node_modules/@modyfi/vite-plugin-yaml": {
      "version": "1.1.0",
      "resolved": "https://registry.npmjs.org/@modyfi/vite-plugin-yaml/-/vite-plugin-yaml-1.1.0.tgz",
      "integrity": "sha512-L26xfzkSo1yamODCAtk/ipVlL6OEw2bcJ92zunyHu8zxi7+meV0zefA9xscRMDCsMY8xL3C3wi3DhMiPxcbxbw==",
      "dev": true,
      "license": "MIT",
      "dependencies": {
        "@rollup/pluginutils": "5.1.0",
        "js-yaml": "4.1.0",
        "tosource": "2.0.0-alpha.3"
      },
      "peerDependencies": {
        "vite": "^3.2.7 || ^4.0.5 || ^5.0.5"
      }
    },
    "node_modules/@rollup/pluginutils": {
      "version": "5.1.0",
      "resolved": "https://registry.npmjs.org/@rollup/pluginutils/-/pluginutils-5.1.0.tgz",
      "integrity": "sha512-XTIWOPPcpvyKI6L1NHo0lFlCyznUEyPmPY1mc3KpPVDYulHSTvyeLNVW00QTLIAFNhR3kYnJTQHeGqU4M3n09g==",
      "dev": true,
      "license": "MIT",
      "dependencies": {
        "@types/estree": "^1.0.0",
        "estree-walker": "^2.0.2",
        "picomatch": "^2.3.1"
      },
      "engines": {
        "node": ">=14.0.0"
      },
      "peerDependencies": {
        "rollup": "^1.20.0||^2.0.0||^3.0.0||^4.0.0"
      },
      "peerDependenciesMeta": {
        "rollup": {
          "optional": true
        }
      }
    },
    "node_modules/@rollup/rollup-android-arm-eabi": {
      "version": "4.21.1",
      "resolved": "https://registry.npmjs.org/@rollup/rollup-android-arm-eabi/-/rollup-android-arm-eabi-4.21.1.tgz",
      "integrity": "sha512-2thheikVEuU7ZxFXubPDOtspKn1x0yqaYQwvALVtEcvFhMifPADBrgRPyHV0TF3b+9BgvgjgagVyvA/UqPZHmg==",
      "cpu": [
        "arm"
      ],
      "dev": true,
      "license": "MIT",
      "optional": true,
      "os": [
        "android"
      ]
    },
    "node_modules/@rollup/rollup-android-arm64": {
      "version": "4.21.1",
      "resolved": "https://registry.npmjs.org/@rollup/rollup-android-arm64/-/rollup-android-arm64-4.21.1.tgz",
      "integrity": "sha512-t1lLYn4V9WgnIFHXy1d2Di/7gyzBWS8G5pQSXdZqfrdCGTwi1VasRMSS81DTYb+avDs/Zz4A6dzERki5oRYz1g==",
      "cpu": [
        "arm64"
      ],
      "dev": true,
      "license": "MIT",
      "optional": true,
      "os": [
        "android"
      ]
    },
    "node_modules/@rollup/rollup-darwin-arm64": {
      "version": "4.21.1",
      "resolved": "https://registry.npmjs.org/@rollup/rollup-darwin-arm64/-/rollup-darwin-arm64-4.21.1.tgz",
      "integrity": "sha512-AH/wNWSEEHvs6t4iJ3RANxW5ZCK3fUnmf0gyMxWCesY1AlUj8jY7GC+rQE4wd3gwmZ9XDOpL0kcFnCjtN7FXlA==",
      "cpu": [
        "arm64"
      ],
      "dev": true,
      "license": "MIT",
      "optional": true,
      "os": [
        "darwin"
      ]
    },
    "node_modules/@rollup/rollup-darwin-x64": {
      "version": "4.21.1",
      "resolved": "https://registry.npmjs.org/@rollup/rollup-darwin-x64/-/rollup-darwin-x64-4.21.1.tgz",
      "integrity": "sha512-dO0BIz/+5ZdkLZrVgQrDdW7m2RkrLwYTh2YMFG9IpBtlC1x1NPNSXkfczhZieOlOLEqgXOFH3wYHB7PmBtf+Bg==",
      "cpu": [
        "x64"
      ],
      "dev": true,
      "license": "MIT",
      "optional": true,
      "os": [
        "darwin"
      ]
    },
    "node_modules/@rollup/rollup-linux-arm-gnueabihf": {
      "version": "4.21.1",
      "resolved": "https://registry.npmjs.org/@rollup/rollup-linux-arm-gnueabihf/-/rollup-linux-arm-gnueabihf-4.21.1.tgz",
      "integrity": "sha512-sWWgdQ1fq+XKrlda8PsMCfut8caFwZBmhYeoehJ05FdI0YZXk6ZyUjWLrIgbR/VgiGycrFKMMgp7eJ69HOF2pQ==",
      "cpu": [
        "arm"
      ],
      "dev": true,
      "license": "MIT",
      "optional": true,
      "os": [
        "linux"
      ]
    },
    "node_modules/@rollup/rollup-linux-arm-musleabihf": {
      "version": "4.21.1",
      "resolved": "https://registry.npmjs.org/@rollup/rollup-linux-arm-musleabihf/-/rollup-linux-arm-musleabihf-4.21.1.tgz",
      "integrity": "sha512-9OIiSuj5EsYQlmwhmFRA0LRO0dRRjdCVZA3hnmZe1rEwRk11Jy3ECGGq3a7RrVEZ0/pCsYWx8jG3IvcrJ6RCew==",
      "cpu": [
        "arm"
      ],
      "dev": true,
      "license": "MIT",
      "optional": true,
      "os": [
        "linux"
      ]
    },
    "node_modules/@rollup/rollup-linux-arm64-gnu": {
      "version": "4.21.1",
      "resolved": "https://registry.npmjs.org/@rollup/rollup-linux-arm64-gnu/-/rollup-linux-arm64-gnu-4.21.1.tgz",
      "integrity": "sha512-0kuAkRK4MeIUbzQYu63NrJmfoUVicajoRAL1bpwdYIYRcs57iyIV9NLcuyDyDXE2GiZCL4uhKSYAnyWpjZkWow==",
      "cpu": [
        "arm64"
      ],
      "dev": true,
      "license": "MIT",
      "optional": true,
      "os": [
        "linux"
      ]
    },
    "node_modules/@rollup/rollup-linux-arm64-musl": {
      "version": "4.21.1",
      "resolved": "https://registry.npmjs.org/@rollup/rollup-linux-arm64-musl/-/rollup-linux-arm64-musl-4.21.1.tgz",
      "integrity": "sha512-/6dYC9fZtfEY0vozpc5bx1RP4VrtEOhNQGb0HwvYNwXD1BBbwQ5cKIbUVVU7G2d5WRE90NfB922elN8ASXAJEA==",
      "cpu": [
        "arm64"
      ],
      "dev": true,
      "license": "MIT",
      "optional": true,
      "os": [
        "linux"
      ]
    },
    "node_modules/@rollup/rollup-linux-powerpc64le-gnu": {
      "version": "4.21.1",
      "resolved": "https://registry.npmjs.org/@rollup/rollup-linux-powerpc64le-gnu/-/rollup-linux-powerpc64le-gnu-4.21.1.tgz",
      "integrity": "sha512-ltUWy+sHeAh3YZ91NUsV4Xg3uBXAlscQe8ZOXRCVAKLsivGuJsrkawYPUEyCV3DYa9urgJugMLn8Z3Z/6CeyRQ==",
      "cpu": [
        "ppc64"
      ],
      "dev": true,
      "license": "MIT",
      "optional": true,
      "os": [
        "linux"
      ]
    },
    "node_modules/@rollup/rollup-linux-riscv64-gnu": {
      "version": "4.21.1",
      "resolved": "https://registry.npmjs.org/@rollup/rollup-linux-riscv64-gnu/-/rollup-linux-riscv64-gnu-4.21.1.tgz",
      "integrity": "sha512-BggMndzI7Tlv4/abrgLwa/dxNEMn2gC61DCLrTzw8LkpSKel4o+O+gtjbnkevZ18SKkeN3ihRGPuBxjaetWzWg==",
      "cpu": [
        "riscv64"
      ],
      "dev": true,
      "license": "MIT",
      "optional": true,
      "os": [
        "linux"
      ]
    },
    "node_modules/@rollup/rollup-linux-s390x-gnu": {
      "version": "4.21.1",
      "resolved": "https://registry.npmjs.org/@rollup/rollup-linux-s390x-gnu/-/rollup-linux-s390x-gnu-4.21.1.tgz",
      "integrity": "sha512-z/9rtlGd/OMv+gb1mNSjElasMf9yXusAxnRDrBaYB+eS1shFm6/4/xDH1SAISO5729fFKUkJ88TkGPRUh8WSAA==",
      "cpu": [
        "s390x"
      ],
      "dev": true,
      "license": "MIT",
      "optional": true,
      "os": [
        "linux"
      ]
    },
    "node_modules/@rollup/rollup-linux-x64-gnu": {
      "version": "4.21.1",
      "resolved": "https://registry.npmjs.org/@rollup/rollup-linux-x64-gnu/-/rollup-linux-x64-gnu-4.21.1.tgz",
      "integrity": "sha512-kXQVcWqDcDKw0S2E0TmhlTLlUgAmMVqPrJZR+KpH/1ZaZhLSl23GZpQVmawBQGVhyP5WXIsIQ/zqbDBBYmxm5w==",
      "cpu": [
        "x64"
      ],
      "dev": true,
      "license": "MIT",
      "optional": true,
      "os": [
        "linux"
      ]
    },
    "node_modules/@rollup/rollup-linux-x64-musl": {
      "version": "4.21.1",
      "resolved": "https://registry.npmjs.org/@rollup/rollup-linux-x64-musl/-/rollup-linux-x64-musl-4.21.1.tgz",
      "integrity": "sha512-CbFv/WMQsSdl+bpX6rVbzR4kAjSSBuDgCqb1l4J68UYsQNalz5wOqLGYj4ZI0thGpyX5kc+LLZ9CL+kpqDovZA==",
      "cpu": [
        "x64"
      ],
      "dev": true,
      "license": "MIT",
      "optional": true,
      "os": [
        "linux"
      ]
    },
    "node_modules/@rollup/rollup-win32-arm64-msvc": {
      "version": "4.21.1",
      "resolved": "https://registry.npmjs.org/@rollup/rollup-win32-arm64-msvc/-/rollup-win32-arm64-msvc-4.21.1.tgz",
      "integrity": "sha512-3Q3brDgA86gHXWHklrwdREKIrIbxC0ZgU8lwpj0eEKGBQH+31uPqr0P2v11pn0tSIxHvcdOWxa4j+YvLNx1i6g==",
      "cpu": [
        "arm64"
      ],
      "dev": true,
      "license": "MIT",
      "optional": true,
      "os": [
        "win32"
      ]
    },
    "node_modules/@rollup/rollup-win32-ia32-msvc": {
      "version": "4.21.1",
      "resolved": "https://registry.npmjs.org/@rollup/rollup-win32-ia32-msvc/-/rollup-win32-ia32-msvc-4.21.1.tgz",
      "integrity": "sha512-tNg+jJcKR3Uwe4L0/wY3Ro0H+u3nrb04+tcq1GSYzBEmKLeOQF2emk1whxlzNqb6MMrQ2JOcQEpuuiPLyRcSIw==",
      "cpu": [
        "ia32"
      ],
      "dev": true,
      "license": "MIT",
      "optional": true,
      "os": [
        "win32"
      ]
    },
    "node_modules/@rollup/rollup-win32-x64-msvc": {
      "version": "4.21.1",
      "resolved": "https://registry.npmjs.org/@rollup/rollup-win32-x64-msvc/-/rollup-win32-x64-msvc-4.21.1.tgz",
      "integrity": "sha512-xGiIH95H1zU7naUyTKEyOA/I0aexNMUdO9qRv0bLKN3qu25bBdrxZHqA3PTJ24YNN/GdMzG4xkDcd/GvjuhfLg==",
      "cpu": [
        "x64"
      ],
      "dev": true,
      "license": "MIT",
      "optional": true,
      "os": [
        "win32"
      ]
    },
    "node_modules/@shikijs/core": {
      "version": "1.14.1",
      "resolved": "https://registry.npmjs.org/@shikijs/core/-/core-1.14.1.tgz",
      "integrity": "sha512-KyHIIpKNaT20FtFPFjCQB5WVSTpLR/n+jQXhWHWVUMm9MaOaG9BGOG0MSyt7yA4+Lm+4c9rTc03tt3nYzeYSfw==",
      "dev": true,
      "license": "MIT",
      "dependencies": {
        "@types/hast": "^3.0.4"
      }
    },
    "node_modules/@types/estree": {
      "version": "1.0.5",
      "resolved": "https://registry.npmjs.org/@types/estree/-/estree-1.0.5.tgz",
      "integrity": "sha512-/kYRxGDLWzHOB7q+wtSUQlFrtcdUccpfy+X+9iMBpHK8QLLhx2wIPYuS5DYtR9Wa/YlZAbIovy7qVdB1Aq6Lyw==",
      "dev": true,
      "license": "MIT"
    },
    "node_modules/@types/hast": {
      "version": "3.0.4",
      "resolved": "https://registry.npmjs.org/@types/hast/-/hast-3.0.4.tgz",
      "integrity": "sha512-WPs+bbQw5aCj+x6laNGWLH3wviHtoCv/P3+otBhbOhJgG8qtpdAMlTCxLtsTWA7LH1Oh/bFCHsBn0TPS5m30EQ==",
      "dev": true,
      "license": "MIT",
      "dependencies": {
        "@types/unist": "*"
      }
    },
    "node_modules/@types/lodash": {
      "version": "4.17.7",
      "resolved": "https://registry.npmjs.org/@types/lodash/-/lodash-4.17.7.tgz",
      "integrity": "sha512-8wTvZawATi/lsmNu10/j2hk1KEP0IvjubqPE3cu1Xz7xfXXt5oCq3SNUz4fMIP4XGF9Ky+Ue2tBA3hcS7LSBlA==",
      "dev": true,
      "license": "MIT"
    },
    "node_modules/@types/trusted-types": {
      "version": "2.0.7",
      "resolved": "https://registry.npmjs.org/@types/trusted-types/-/trusted-types-2.0.7.tgz",
      "integrity": "sha512-ScaPdn1dQczgbl0QFTeTOmVHFULt394XJgOQNoyVhZ6r2vLnMLJfBPd53SB52T/3G36VI1/g2MZaX0cwDuXsfw==",
      "dev": true,
      "license": "MIT"
    },
    "node_modules/@types/unist": {
      "version": "3.0.3",
      "resolved": "https://registry.npmjs.org/@types/unist/-/unist-3.0.3.tgz",
      "integrity": "sha512-ko/gIFJRv177XgZsZcBwnqJN5x/Gien8qNOn0D5bQU/zAzVf9Zt3BlcUiLqhV9y4ARk0GbT3tnUiPNgnTXzc/Q==",
      "dev": true,
      "license": "MIT"
    },
    "node_modules/argparse": {
      "version": "2.0.1",
      "resolved": "https://registry.npmjs.org/argparse/-/argparse-2.0.1.tgz",
      "integrity": "sha512-8+9WqebbFzpX9OR+Wa6O29asIogeRMzcGtAINdpMHHyAg10f05aSFVBbcEqGf/PXw1EjAZ+q2/bEBg3DvurK3Q==",
      "dev": true,
      "license": "Python-2.0"
    },
    "node_modules/balanced-match": {
      "version": "1.0.2",
      "resolved": "https://registry.npmjs.org/balanced-match/-/balanced-match-1.0.2.tgz",
      "integrity": "sha512-3oSeUO0TMV67hN1AmbXsK4yaqU7tjiHlbxRDZOpH0KW9+CeX4bRAaX0Anxt0tx2MrpRpWwQaPwIlISEJhYU5Pw==",
      "dev": true,
      "license": "MIT"
    },
    "node_modules/brace-expansion": {
      "version": "2.0.1",
      "resolved": "https://registry.npmjs.org/brace-expansion/-/brace-expansion-2.0.1.tgz",
      "integrity": "sha512-XnAIvQ8eM+kC6aULx6wuQiwVsnzsi9d3WxzV3FpWTGA19F621kwdbsAcFKXgKUHZWsy+mY6iL1sHTxWEFCytDA==",
      "dev": true,
      "license": "MIT",
      "dependencies": {
        "balanced-match": "^1.0.0"
      }
    },
    "node_modules/commander": {
      "version": "10.0.1",
      "resolved": "https://registry.npmjs.org/commander/-/commander-10.0.1.tgz",
      "integrity": "sha512-y4Mg2tXshplEbSGzx7amzPwKKOCGuoSRP/CjEdwwk0FOGlUbq6lKuoyDZTNZkmxHdJtp54hdfY/JUrdL7Xfdug==",
      "dev": true,
      "license": "MIT",
      "engines": {
        "node": ">=14"
      }
    },
    "node_modules/custom-card-helpers": {
      "version": "1.9.0",
      "resolved": "https://registry.npmjs.org/custom-card-helpers/-/custom-card-helpers-1.9.0.tgz",
      "integrity": "sha512-5IW4OXq3MiiCqDvqeu+MYsM1NmntKW1WfJhyJFsdP2tbzqEI4BOnqRz2qzdp08lE4QLVhYfRLwe0WAqgQVNeFg==",
      "dev": true,
      "license": "MIT",
      "dependencies": {
        "@formatjs/intl-utils": "^3.8.4",
        "home-assistant-js-websocket": "^6.0.1",
        "intl-messageformat": "^9.11.1",
        "lit": "^2.1.1",
        "rollup": "^2.63.0",
        "superstruct": "^0.15.3",
        "typescript": "^4.5.4"
      }
    },
    "node_modules/custom-card-helpers/node_modules/home-assistant-js-websocket": {
      "version": "6.1.1",
      "resolved": "https://registry.npmjs.org/home-assistant-js-websocket/-/home-assistant-js-websocket-6.1.1.tgz",
      "integrity": "sha512-TnZFzF4mn5F/v0XKUTK2GMQXrn/+eQpgaSDSELl6U0HSwSbFwRhGWLz330YT+hiKMspDflamsye//RPL+zwhDw==",
      "dev": true,
      "license": "Apache-2.0"
    },
    "node_modules/custom-card-helpers/node_modules/typescript": {
      "version": "4.9.5",
      "resolved": "https://registry.npmjs.org/typescript/-/typescript-4.9.5.tgz",
      "integrity": "sha512-1FXk9E2Hm+QzZQ7z+McJiHL4NW1F2EzMu9Nq9i3zAaGqibafqYwCVU6WyWAuyQRRzOlxou8xZSyXLEN8oKj24g==",
      "dev": true,
      "license": "Apache-2.0",
      "bin": {
        "tsc": "bin/tsc",
        "tsserver": "bin/tsserver"
      },
      "engines": {
        "node": ">=4.2.0"
      }
    },
    "node_modules/emojis-list": {
      "version": "3.0.0",
      "resolved": "https://registry.npmjs.org/emojis-list/-/emojis-list-3.0.0.tgz",
      "integrity": "sha512-/kyM18EfinwXZbno9FyUGeFh87KC8HRQBQGildHZbEuRyWFOmv1U10o9BBp8XVZDVNNuQKyIGIu5ZYAAXJ0V2Q==",
      "dev": true,
      "license": "MIT",
      "engines": {
        "node": ">= 4"
      }
    },
    "node_modules/entities": {
      "version": "4.5.0",
      "resolved": "https://registry.npmjs.org/entities/-/entities-4.5.0.tgz",
      "integrity": "sha512-V0hjH4dGPh9Ao5p0MoRY6BVqtwCjhz6vI5LT8AJ55H+4g9/4vbHx1I54fS0XuclLhDHArPQCiMjDxjaL8fPxhw==",
      "dev": true,
      "license": "BSD-2-Clause",
      "engines": {
        "node": ">=0.12"
      },
      "funding": {
        "url": "https://github.com/fb55/entities?sponsor=1"
      }
    },
    "node_modules/esbuild": {
      "version": "0.21.5",
      "resolved": "https://registry.npmjs.org/esbuild/-/esbuild-0.21.5.tgz",
      "integrity": "sha512-mg3OPMV4hXywwpoDxu3Qda5xCKQi+vCTZq8S9J/EpkhB2HzKXq4SNFZE3+NK93JYxc8VMSep+lOUSC/RVKaBqw==",
      "dev": true,
      "hasInstallScript": true,
      "license": "MIT",
      "bin": {
        "esbuild": "bin/esbuild"
      },
      "engines": {
        "node": ">=12"
      },
      "optionalDependencies": {
        "@esbuild/aix-ppc64": "0.21.5",
        "@esbuild/android-arm": "0.21.5",
        "@esbuild/android-arm64": "0.21.5",
        "@esbuild/android-x64": "0.21.5",
        "@esbuild/darwin-arm64": "0.21.5",
        "@esbuild/darwin-x64": "0.21.5",
        "@esbuild/freebsd-arm64": "0.21.5",
        "@esbuild/freebsd-x64": "0.21.5",
        "@esbuild/linux-arm": "0.21.5",
        "@esbuild/linux-arm64": "0.21.5",
        "@esbuild/linux-ia32": "0.21.5",
        "@esbuild/linux-loong64": "0.21.5",
        "@esbuild/linux-mips64el": "0.21.5",
        "@esbuild/linux-ppc64": "0.21.5",
        "@esbuild/linux-riscv64": "0.21.5",
        "@esbuild/linux-s390x": "0.21.5",
        "@esbuild/linux-x64": "0.21.5",
        "@esbuild/netbsd-x64": "0.21.5",
        "@esbuild/openbsd-x64": "0.21.5",
        "@esbuild/sunos-x64": "0.21.5",
        "@esbuild/win32-arm64": "0.21.5",
        "@esbuild/win32-ia32": "0.21.5",
        "@esbuild/win32-x64": "0.21.5"
      }
    },
    "node_modules/estree-walker": {
      "version": "2.0.2",
      "resolved": "https://registry.npmjs.org/estree-walker/-/estree-walker-2.0.2.tgz",
      "integrity": "sha512-Rfkk/Mp/DL7JVje3u18FxFujQlTNR2q6QfMSMB7AvCBx91NGj/ba3kCfza0f6dVDbw7YlRf/nDrn7pQrCCyQ/w==",
      "dev": true,
      "license": "MIT"
    },
    "node_modules/fsevents": {
      "version": "2.3.3",
      "resolved": "https://registry.npmjs.org/fsevents/-/fsevents-2.3.3.tgz",
      "integrity": "sha512-5xoDfX+fL7faATnagmWPpbFtwh/R77WmMMqqHGS65C3vvB0YHrgF+B1YmZ3441tMj5n63k0212XNoJwzlhffQw==",
      "dev": true,
      "hasInstallScript": true,
      "license": "MIT",
      "optional": true,
      "os": [
        "darwin"
      ],
      "engines": {
        "node": "^8.16.0 || ^10.6.0 || >=11.0.0"
      }
    },
    "node_modules/home-assistant-js-websocket": {
      "version": "9.4.0",
      "resolved": "https://registry.npmjs.org/home-assistant-js-websocket/-/home-assistant-js-websocket-9.4.0.tgz",
      "integrity": "sha512-312TuI63IfKf8G+iWvKmPYIdxWMNojwVk03o9OSpQFFDjSCNAYdCUfuPCFs73SuJ1Xpd4D1Eo11CB33MGMqZ+Q==",
      "dev": true,
      "license": "Apache-2.0"
    },
    "node_modules/intl-messageformat": {
      "version": "9.13.0",
      "resolved": "https://registry.npmjs.org/intl-messageformat/-/intl-messageformat-9.13.0.tgz",
      "integrity": "sha512-7sGC7QnSQGa5LZP7bXLDhVDtQOeKGeBFGHF2Y8LVBwYZoQZCgWeKoPGTa5GMG8g/TzDgeXuYJQis7Ggiw2xTOw==",
      "dev": true,
      "license": "BSD-3-Clause",
      "dependencies": {
        "@formatjs/ecma402-abstract": "1.11.4",
        "@formatjs/fast-memoize": "1.2.1",
        "@formatjs/icu-messageformat-parser": "2.1.0",
        "tslib": "^2.1.0"
      }
    },
    "node_modules/js-yaml": {
      "version": "4.1.0",
      "resolved": "https://registry.npmjs.org/js-yaml/-/js-yaml-4.1.0.tgz",
      "integrity": "sha512-wpxZs9NoxZaJESJGIZTyDEaYpl0FKSA+FB9aJiyemKhMwkxQg63h4T1KJgUGHpTqPDNRcmmYLugrRjJlBtWvRA==",
      "dev": true,
      "license": "MIT",
      "dependencies": {
        "argparse": "^2.0.1"
      },
      "bin": {
        "js-yaml": "bin/js-yaml.js"
      }
    },
    "node_modules/linkify-it": {
      "version": "5.0.0",
      "resolved": "https://registry.npmjs.org/linkify-it/-/linkify-it-5.0.0.tgz",
      "integrity": "sha512-5aHCbzQRADcdP+ATqnDuhhJ/MRIqDkZX5pyjFHRRysS8vZ5AbqGEoFIb6pYHPZ+L/OC2Lc+xT8uHVVR5CAK/wQ==",
      "dev": true,
      "license": "MIT",
      "dependencies": {
        "uc.micro": "^2.0.0"
      }
    },
    "node_modules/liquidjs": {
      "version": "10.16.7",
      "resolved": "https://registry.npmjs.org/liquidjs/-/liquidjs-10.16.7.tgz",
      "integrity": "sha512-vjlBDyPxFgUc6vJB+TbAMcxKKKcm4Ee0rj9Je9lcG1I0lr9xvtHgB/ZdNMNAgsPUvJLkLfdrKRd+KzQ5opPfNg==",
      "dev": true,
      "license": "MIT",
      "dependencies": {
        "commander": "^10.0.0"
      },
      "bin": {
        "liquid": "bin/liquid.js",
        "liquidjs": "bin/liquid.js"
      },
      "engines": {
        "node": ">=14"
      },
      "funding": {
        "type": "opencollective",
        "url": "https://opencollective.com/liquidjs"
      }
    },
    "node_modules/lit": {
      "version": "2.8.0",
      "resolved": "https://registry.npmjs.org/lit/-/lit-2.8.0.tgz",
      "integrity": "sha512-4Sc3OFX9QHOJaHbmTMk28SYgVxLN3ePDjg7hofEft2zWlehFL3LiAuapWc4U/kYwMYJSh2hTCPZ6/LIC7ii0MA==",
      "dev": true,
      "license": "BSD-3-Clause",
      "dependencies": {
        "@lit/reactive-element": "^1.6.0",
        "lit-element": "^3.3.0",
        "lit-html": "^2.8.0"
      }
    },
    "node_modules/lit-element": {
      "version": "3.3.3",
      "resolved": "https://registry.npmjs.org/lit-element/-/lit-element-3.3.3.tgz",
      "integrity": "sha512-XbeRxmTHubXENkV4h8RIPyr8lXc+Ff28rkcQzw3G6up2xg5E8Zu1IgOWIwBLEQsu3cOVFqdYwiVi0hv0SlpqUA==",
      "dev": true,
      "license": "BSD-3-Clause",
      "dependencies": {
        "@lit-labs/ssr-dom-shim": "^1.1.0",
        "@lit/reactive-element": "^1.3.0",
        "lit-html": "^2.8.0"
      }
    },
    "node_modules/lit-html": {
      "version": "2.8.0",
      "resolved": "https://registry.npmjs.org/lit-html/-/lit-html-2.8.0.tgz",
      "integrity": "sha512-o9t+MQM3P4y7M7yNzqAyjp7z+mQGa4NS4CxiyLqFPyFWyc4O+nodLrkrxSaCTrla6M5YOLaT3RpbbqjszB5g3Q==",
      "dev": true,
      "license": "BSD-3-Clause",
      "dependencies": {
        "@types/trusted-types": "^2.0.2"
      }
    },
    "node_modules/lodash": {
      "version": "4.17.21",
      "resolved": "https://registry.npmjs.org/lodash/-/lodash-4.17.21.tgz",
      "integrity": "sha512-v2kDEe57lecTulaDIuNTPy3Ry4gLGJ6Z1O3vE1krgXZNrsQ+LFTGHVxVjcXPs17LhbZVGedAJv8XZ1tvj5FvSg==",
      "license": "MIT"
    },
    "node_modules/lunr": {
      "version": "2.3.9",
      "resolved": "https://registry.npmjs.org/lunr/-/lunr-2.3.9.tgz",
      "integrity": "sha512-zTU3DaZaF3Rt9rhN3uBMGQD3dD2/vFQqnvZCDv4dl5iOzq2IZQqTxu90r4E5J+nP70J3ilqVCrbho2eWaeW8Ow==",
      "dev": true,
      "license": "MIT"
    },
    "node_modules/markdown-it": {
      "version": "14.1.0",
      "resolved": "https://registry.npmjs.org/markdown-it/-/markdown-it-14.1.0.tgz",
      "integrity": "sha512-a54IwgWPaeBCAAsv13YgmALOF1elABB08FxO9i+r4VFk5Vl4pKokRPeX8u5TCgSsPi6ec1otfLjdOpVcgbpshg==",
      "dev": true,
      "license": "MIT",
      "dependencies": {
        "argparse": "^2.0.1",
        "entities": "^4.4.0",
        "linkify-it": "^5.0.0",
        "mdurl": "^2.0.0",
        "punycode.js": "^2.3.1",
        "uc.micro": "^2.1.0"
      },
      "bin": {
        "markdown-it": "bin/markdown-it.mjs"
      }
    },
    "node_modules/mdurl": {
      "version": "2.0.0",
      "resolved": "https://registry.npmjs.org/mdurl/-/mdurl-2.0.0.tgz",
      "integrity": "sha512-Lf+9+2r+Tdp5wXDXC4PcIBjTDtq4UKjCPMQhKIuzpJNW0b96kVqSwW0bT7FhRSfmAiFYgP+SCRvdrDozfh0U5w==",
      "dev": true,
      "license": "MIT"
    },
    "node_modules/minimatch": {
      "version": "9.0.5",
      "resolved": "https://registry.npmjs.org/minimatch/-/minimatch-9.0.5.tgz",
      "integrity": "sha512-G6T0ZX48xgozx7587koeX9Ys2NYy6Gmv//P89sEte9V9whIapMNF4idKxnW2QtCcLiTWlb/wfCabAtAFWhhBow==",
      "dev": true,
      "license": "ISC",
      "dependencies": {
        "brace-expansion": "^2.0.1"
      },
      "engines": {
        "node": ">=16 || 14 >=14.17"
      },
      "funding": {
        "url": "https://github.com/sponsors/isaacs"
      }
    },
    "node_modules/nanoid": {
      "version": "3.3.7",
      "resolved": "https://registry.npmjs.org/nanoid/-/nanoid-3.3.7.tgz",
      "integrity": "sha512-eSRppjcPIatRIMC1U6UngP8XFcz8MQWGQdt1MTBQ7NaAmvXDfvNxbvWV3x2y6CdEUciCSsDHDQZbhYaB8QEo2g==",
      "dev": true,
      "funding": [
        {
          "type": "github",
          "url": "https://github.com/sponsors/ai"
        }
      ],
      "license": "MIT",
      "bin": {
        "nanoid": "bin/nanoid.cjs"
      },
      "engines": {
        "node": "^10 || ^12 || ^13.7 || ^14 || >=15.0.1"
      }
    },
    "node_modules/picocolors": {
      "version": "1.0.1",
      "resolved": "https://registry.npmjs.org/picocolors/-/picocolors-1.0.1.tgz",
      "integrity": "sha512-anP1Z8qwhkbmu7MFP5iTt+wQKXgwzf7zTyGlcdzabySa9vd0Xt392U0rVmz9poOaBj0uHJKyyo9/upk0HrEQew==",
      "dev": true,
      "license": "ISC"
    },
    "node_modules/picomatch": {
      "version": "2.3.1",
      "resolved": "https://registry.npmjs.org/picomatch/-/picomatch-2.3.1.tgz",
      "integrity": "sha512-JU3teHTNjmE2VCGFzuY8EXzCDVwEqB2a8fsIvwaStHhAWJEeVd1o1QD80CU6+ZdEXXSLbSsuLwJjkCBWqRQUVA==",
      "dev": true,
      "license": "MIT",
      "engines": {
        "node": ">=8.6"
      },
      "funding": {
        "url": "https://github.com/sponsors/jonschlinkert"
      }
    },
    "node_modules/postcss": {
      "version": "8.4.41",
      "resolved": "https://registry.npmjs.org/postcss/-/postcss-8.4.41.tgz",
      "integrity": "sha512-TesUflQ0WKZqAvg52PWL6kHgLKP6xB6heTOdoYM0Wt2UHyxNa4K25EZZMgKns3BH1RLVbZCREPpLY0rhnNoHVQ==",
      "dev": true,
      "funding": [
        {
          "type": "opencollective",
          "url": "https://opencollective.com/postcss/"
        },
        {
          "type": "tidelift",
          "url": "https://tidelift.com/funding/github/npm/postcss"
        },
        {
          "type": "github",
          "url": "https://github.com/sponsors/ai"
        }
      ],
      "license": "MIT",
      "dependencies": {
        "nanoid": "^3.3.7",
        "picocolors": "^1.0.1",
        "source-map-js": "^1.2.0"
      },
      "engines": {
        "node": "^10 || ^12 || >=14"
      }
    },
    "node_modules/punycode.js": {
      "version": "2.3.1",
      "resolved": "https://registry.npmjs.org/punycode.js/-/punycode.js-2.3.1.tgz",
      "integrity": "sha512-uxFIHU0YlHYhDQtV4R9J6a52SLx28BCjT+4ieh7IGbgwVJWO+km431c4yRlREUAsAmt/uMjQUyQHNEPf0M39CA==",
      "dev": true,
      "license": "MIT",
      "engines": {
        "node": ">=6"
      }
    },
    "node_modules/rollup": {
      "version": "2.79.1",
      "resolved": "https://registry.npmjs.org/rollup/-/rollup-2.79.1.tgz",
      "integrity": "sha512-uKxbd0IhMZOhjAiD5oAFp7BqvkA4Dv47qpOCtaNvng4HBwdbWtdOh8f5nZNuk2rp51PMGk3bzfWu5oayNEuYnw==",
      "dev": true,
      "license": "MIT",
      "bin": {
        "rollup": "dist/bin/rollup"
      },
      "engines": {
        "node": ">=10.0.0"
      },
      "optionalDependencies": {
        "fsevents": "~2.3.2"
      }
    },
    "node_modules/shiki": {
      "version": "1.14.1",
      "resolved": "https://registry.npmjs.org/shiki/-/shiki-1.14.1.tgz",
      "integrity": "sha512-FujAN40NEejeXdzPt+3sZ3F2dx1U24BY2XTY01+MG8mbxCiA2XukXdcbyMyLAHJ/1AUUnQd1tZlvIjefWWEJeA==",
      "dev": true,
      "license": "MIT",
      "dependencies": {
        "@shikijs/core": "1.14.1",
        "@types/hast": "^3.0.4"
      }
    },
    "node_modules/source-map-js": {
      "version": "1.2.0",
      "resolved": "https://registry.npmjs.org/source-map-js/-/source-map-js-1.2.0.tgz",
      "integrity": "sha512-itJW8lvSA0TXEphiRoawsCksnlf8SyvmFzIhltqAHluXd88pkCd+cXJVHTDwdCr0IzwptSm035IHQktUu1QUMg==",
      "dev": true,
      "license": "BSD-3-Clause",
      "engines": {
        "node": ">=0.10.0"
      }
    },
    "node_modules/superstruct": {
      "version": "0.15.5",
      "resolved": "https://registry.npmjs.org/superstruct/-/superstruct-0.15.5.tgz",
      "integrity": "sha512-4AOeU+P5UuE/4nOUkmcQdW5y7i9ndt1cQd/3iUe+LTz3RxESf/W/5lg4B74HbDMMv8PHnPnGCQFH45kBcrQYoQ==",
      "dev": true,
      "license": "MIT"
    },
    "node_modules/tosource": {
      "version": "2.0.0-alpha.3",
      "resolved": "https://registry.npmjs.org/tosource/-/tosource-2.0.0-alpha.3.tgz",
      "integrity": "sha512-KAB2lrSS48y91MzFPFuDg4hLbvDiyTjOVgaK7Erw+5AmZXNq4sFRVn8r6yxSLuNs15PaokrDRpS61ERY9uZOug==",
      "dev": true,
      "engines": {
        "node": ">=10"
      }
    },
    "node_modules/tslib": {
      "version": "2.7.0",
      "resolved": "https://registry.npmjs.org/tslib/-/tslib-2.7.0.tgz",
      "integrity": "sha512-gLXCKdN1/j47AiHiOkJN69hJmcbGTHI0ImLmbYLHykhgeN0jVGola9yVjFgzCUklsZQMW55o+dW7IXv3RCXDzA==",
      "dev": true,
      "license": "0BSD"
    },
    "node_modules/typedoc": {
      "version": "0.26.6",
      "resolved": "https://registry.npmjs.org/typedoc/-/typedoc-0.26.6.tgz",
      "integrity": "sha512-SfEU3SH3wHNaxhFPjaZE2kNl/NFtLNW5c1oHsg7mti7GjmUj1Roq6osBQeMd+F4kL0BoRBBr8gQAuqBlfFu8LA==",
      "dev": true,
      "license": "Apache-2.0",
      "dependencies": {
        "lunr": "^2.3.9",
        "markdown-it": "^14.1.0",
        "minimatch": "^9.0.5",
        "shiki": "^1.9.1",
        "yaml": "^2.4.5"
      },
      "bin": {
        "typedoc": "bin/typedoc"
      },
      "engines": {
        "node": ">= 18"
      },
      "peerDependencies": {
        "typescript": "4.6.x || 4.7.x || 4.8.x || 4.9.x || 5.0.x || 5.1.x || 5.2.x || 5.3.x || 5.4.x || 5.5.x"
      }
    },
    "node_modules/typescript": {
      "version": "5.5.4",
      "resolved": "https://registry.npmjs.org/typescript/-/typescript-5.5.4.tgz",
      "integrity": "sha512-Mtq29sKDAEYP7aljRgtPOpTvOfbwRWlS6dPRzwjdE+C0R4brX/GUyhHSecbHMFLNBLcJIPt9nl9yG5TZ1weH+Q==",
      "dev": true,
      "license": "Apache-2.0",
      "bin": {
        "tsc": "bin/tsc",
        "tsserver": "bin/tsserver"
      },
      "engines": {
        "node": ">=14.17"
      }
    },
    "node_modules/uc.micro": {
      "version": "2.1.0",
      "resolved": "https://registry.npmjs.org/uc.micro/-/uc.micro-2.1.0.tgz",
      "integrity": "sha512-ARDJmphmdvUk6Glw7y9DQ2bFkKBHwQHLi2lsaH6PPmz/Ka9sFOBsBluozhDltWmnv9u/cF6Rt87znRTPV+yp/A==",
      "dev": true,
      "license": "MIT"
    },
    "node_modules/vite": {
      "version": "5.4.2",
      "resolved": "https://registry.npmjs.org/vite/-/vite-5.4.2.tgz",
      "integrity": "sha512-dDrQTRHp5C1fTFzcSaMxjk6vdpKvT+2/mIdE07Gw2ykehT49O0z/VHS3zZ8iV/Gh8BJJKHWOe5RjaNrW5xf/GA==",
      "dev": true,
      "license": "MIT",
      "dependencies": {
        "esbuild": "^0.21.3",
        "postcss": "^8.4.41",
        "rollup": "^4.20.0"
      },
      "bin": {
        "vite": "bin/vite.js"
      },
      "engines": {
        "node": "^18.0.0 || >=20.0.0"
      },
      "funding": {
        "url": "https://github.com/vitejs/vite?sponsor=1"
      },
      "optionalDependencies": {
        "fsevents": "~2.3.3"
      },
      "peerDependencies": {
        "@types/node": "^18.0.0 || >=20.0.0",
        "less": "*",
        "lightningcss": "^1.21.0",
        "sass": "*",
        "sass-embedded": "*",
        "stylus": "*",
        "sugarss": "*",
        "terser": "^5.4.0"
      },
      "peerDependenciesMeta": {
        "@types/node": {
          "optional": true
        },
        "less": {
          "optional": true
        },
        "lightningcss": {
          "optional": true
        },
        "sass": {
          "optional": true
        },
        "sass-embedded": {
          "optional": true
        },
        "stylus": {
          "optional": true
        },
        "sugarss": {
          "optional": true
        },
        "terser": {
          "optional": true
        }
      }
    },
    "node_modules/vite/node_modules/rollup": {
      "version": "4.21.1",
      "resolved": "https://registry.npmjs.org/rollup/-/rollup-4.21.1.tgz",
      "integrity": "sha512-ZnYyKvscThhgd3M5+Qt3pmhO4jIRR5RGzaSovB6Q7rGNrK5cUncrtLmcTTJVSdcKXyZjW8X8MB0JMSuH9bcAJg==",
      "dev": true,
      "license": "MIT",
      "dependencies": {
        "@types/estree": "1.0.5"
      },
      "bin": {
        "rollup": "dist/bin/rollup"
      },
      "engines": {
        "node": ">=18.0.0",
        "npm": ">=8.0.0"
      },
      "optionalDependencies": {
        "@rollup/rollup-android-arm-eabi": "4.21.1",
        "@rollup/rollup-android-arm64": "4.21.1",
        "@rollup/rollup-darwin-arm64": "4.21.1",
        "@rollup/rollup-darwin-x64": "4.21.1",
        "@rollup/rollup-linux-arm-gnueabihf": "4.21.1",
        "@rollup/rollup-linux-arm-musleabihf": "4.21.1",
        "@rollup/rollup-linux-arm64-gnu": "4.21.1",
        "@rollup/rollup-linux-arm64-musl": "4.21.1",
        "@rollup/rollup-linux-powerpc64le-gnu": "4.21.1",
        "@rollup/rollup-linux-riscv64-gnu": "4.21.1",
        "@rollup/rollup-linux-s390x-gnu": "4.21.1",
        "@rollup/rollup-linux-x64-gnu": "4.21.1",
        "@rollup/rollup-linux-x64-musl": "4.21.1",
        "@rollup/rollup-win32-arm64-msvc": "4.21.1",
        "@rollup/rollup-win32-ia32-msvc": "4.21.1",
        "@rollup/rollup-win32-x64-msvc": "4.21.1",
        "fsevents": "~2.3.2"
      }
    },
    "node_modules/yaml": {
      "version": "2.5.0",
      "resolved": "https://registry.npmjs.org/yaml/-/yaml-2.5.0.tgz",
      "integrity": "sha512-2wWLbGbYDiSqqIKoPjar3MPgB94ErzCtrNE1FdqGuaO0pi2JGjmE8aW8TDZwzU7vuxcGRdL/4gPQwQ7hD5AMSw==",
      "dev": true,
      "license": "ISC",
      "bin": {
        "yaml": "bin.mjs"
      },
      "engines": {
        "node": ">= 14"
      }
    }
  }
}
